
Microsoft Visual Studio Solution File, Format Version 12.00
# Visual Studio Version 16
VisualStudioVersion = 16.0.29613.14
MinimumVisualStudioVersion = 15.0.26124.0
Project("{9A19103F-16F7-4668-BE54-9A1E7A4F7556}") = "PerfProbe", "PerfProbe\PerfProbe.csproj", "{CD392E29-D6D9-484F-ACC9-DDBF6A4D96E0}"
EndProject
Project("{9A19103F-16F7-4668-BE54-9A1E7A4F7556}") = "PerfProbe.Test", "PerfProbe.Test\PerfProbe.Test.csproj", "{CA5DEF48-DC40-45C0-8255-A2158F80DDD7}"
EndProject
Project("{2150E333-8FDC-42A3-9474-1A3956D46DE8}") = "Solution Items", "Solution Items", "{8116E667-FA62-48F7-B666-759ACFF676E6}"
	ProjectSection(SolutionItems) = preProject
		LICENSE.md = LICENSE.md
		push.cmd = push.cmd
		README.md = README.md
	EndProjectSection
EndProject
Project("{FAE04EC0-301F-11D3-BF4B-00C04F79EFBC}") = "PerfProbe.Server", "PerfProbe.Server\PerfProbe.Server.csproj", "{0CE8040C-41DD-483B-8C52-519B4AA00863}"
EndProject
Global
	GlobalSection(SolutionConfigurationPlatforms) = preSolution
		Debug|Any CPU = Debug|Any CPU
		Debug|x64 = Debug|x64
		Debug|x86 = Debug|x86
		Release|Any CPU = Release|Any CPU
		Release|x64 = Release|x64
		Release|x86 = Release|x86
	EndGlobalSection
	GlobalSection(ProjectConfigurationPlatforms) = postSolution
		{CD392E29-D6D9-484F-ACC9-DDBF6A4D96E0}.Debug|Any CPU.ActiveCfg = Debug|Any CPU
		{CD392E29-D6D9-484F-ACC9-DDBF6A4D96E0}.Debug|Any CPU.Build.0 = Debug|Any CPU
		{CD392E29-D6D9-484F-ACC9-DDBF6A4D96E0}.Debug|x64.ActiveCfg = Debug|Any CPU
		{CD392E29-D6D9-484F-ACC9-DDBF6A4D96E0}.Debug|x64.Build.0 = Debug|Any CPU
		{CD392E29-D6D9-484F-ACC9-DDBF6A4D96E0}.Debug|x86.ActiveCfg = Debug|Any CPU
		{CD392E29-D6D9-484F-ACC9-DDBF6A4D96E0}.Debug|x86.Build.0 = Debug|Any CPU
		{CD392E29-D6D9-484F-ACC9-DDBF6A4D96E0}.Release|Any CPU.ActiveCfg = Release|Any CPU
		{CD392E29-D6D9-484F-ACC9-DDBF6A4D96E0}.Release|Any CPU.Build.0 = Release|Any CPU
		{CD392E29-D6D9-484F-ACC9-DDBF6A4D96E0}.Release|x64.ActiveCfg = Release|Any CPU
		{CD392E29-D6D9-484F-ACC9-DDBF6A4D96E0}.Release|x64.Build.0 = Release|Any CPU
		{CD392E29-D6D9-484F-ACC9-DDBF6A4D96E0}.Release|x86.ActiveCfg = Release|Any CPU
		{CD392E29-D6D9-484F-ACC9-DDBF6A4D96E0}.Release|x86.Build.0 = Release|Any CPU
		{CA5DEF48-DC40-45C0-8255-A2158F80DDD7}.Debug|Any CPU.ActiveCfg = Debug|Any CPU
		{CA5DEF48-DC40-45C0-8255-A2158F80DDD7}.Debug|Any CPU.Build.0 = Debug|Any CPU
		{CA5DEF48-DC40-45C0-8255-A2158F80DDD7}.Debug|x64.ActiveCfg = Debug|Any CPU
		{CA5DEF48-DC40-45C0-8255-A2158F80DDD7}.Debug|x64.Build.0 = Debug|Any CPU
		{CA5DEF48-DC40-45C0-8255-A2158F80DDD7}.Debug|x86.ActiveCfg = Debug|Any CPU
		{CA5DEF48-DC40-45C0-8255-A2158F80DDD7}.Debug|x86.Build.0 = Debug|Any CPU
		{CA5DEF48-DC40-45C0-8255-A2158F80DDD7}.Release|Any CPU.ActiveCfg = Release|Any CPU
		{CA5DEF48-DC40-45C0-8255-A2158F80DDD7}.Release|Any CPU.Build.0 = Release|Any CPU
		{CA5DEF48-DC40-45C0-8255-A2158F80DDD7}.Release|x64.ActiveCfg = Release|Any CPU
		{CA5DEF48-DC40-45C0-8255-A2158F80DDD7}.Release|x64.Build.0 = Release|Any CPU
		{CA5DEF48-DC40-45C0-8255-A2158F80DDD7}.Release|x86.ActiveCfg = Release|Any CPU
		{CA5DEF48-DC40-45C0-8255-A2158F80DDD7}.Release|x86.Build.0 = Release|Any CPU
		{0CE8040C-41DD-483B-8C52-519B4AA00863}.Debug|Any CPU.ActiveCfg = Debug|Any CPU
		{0CE8040C-41DD-483B-8C52-519B4AA00863}.Debug|Any CPU.Build.0 = Debug|Any CPU
		{0CE8040C-41DD-483B-8C52-519B4AA00863}.Debug|x64.ActiveCfg = Debug|Any CPU
		{0CE8040C-41DD-483B-8C52-519B4AA00863}.Debug|x64.Build.0 = Debug|Any CPU
		{0CE8040C-41DD-483B-8C52-519B4AA00863}.Debug|x86.ActiveCfg = Debug|Any CPU
		{0CE8040C-41DD-483B-8C52-519B4AA00863}.Debug|x86.Build.0 = Debug|Any CPU
		{0CE8040C-41DD-483B-8C52-519B4AA00863}.Release|Any CPU.ActiveCfg = Release|Any CPU
		{0CE8040C-41DD-483B-8C52-519B4AA00863}.Release|Any CPU.Build.0 = Release|Any CPU
		{0CE8040C-41DD-483B-8C52-519B4AA00863}.Release|x64.ActiveCfg = Release|Any CPU
		{0CE8040C-41DD-483B-8C52-519B4AA00863}.Release|x64.Build.0 = Release|Any CPU
		{0CE8040C-41DD-483B-8C52-519B4AA00863}.Release|x86.ActiveCfg = Release|Any CPU
		{0CE8040C-41DD-483B-8C52-519B4AA00863}.Release|x86.Build.0 = Release|Any CPU
	EndGlobalSection
	GlobalSection(SolutionProperties) = preSolution
		HideSolutionNode = FALSE
	EndGlobalSection
	GlobalSection(ExtensibilityGlobals) = postSolution
		SolutionGuid = {433DFAC9-371E-4D62-98A8-813FB650476A}
	EndGlobalSection
EndGlobal
